
Microsoft Visual Studio Solution File, Format Version 12.00
# Visual Studio Version 16
VisualStudioVersion = 16.0.31410.357
MinimumVisualStudioVersion = 10.0.40219.1
Project("{8BC9CEB8-8B4A-11D0-8D11-00A0C91BC942}") = "Project1", "Project1.vcxproj", "{D028D293-8DC0-4FE3-B61A-CA4A202C50EF}"
EndProject
Global
	GlobalSection(SolutionConfigurationPlatforms) = preSolution
		Debug|x64 = Debug|x64
		Debug|x86 = Debug|x86
		Release|x64 = Release|x64
		Release|x86 = Release|x86
	EndGlobalSection
	GlobalSection(ProjectConfigurationPlatforms) = postSolution
		{D028D293-8DC0-4FE3-B61A-CA4A202C50EF}.Debug|x64.ActiveCfg = Debug|x64
		{D028D293-8DC0-4FE3-B61A-CA4A202C50EF}.Debug|x64.Build.0 = Debug|x64
		{D028D293-8DC0-4FE3-B61A-CA4A202C50EF}.Debug|x86.ActiveCfg = Debug|Win32
		{D028D293-8DC0-4FE3-B61A-CA4A202C50EF}.Debug|x86.Build.0 = Debug|Win32
		{D028D293-8DC0-4FE3-B61A-CA4A202C50EF}.Release|x64.ActiveCfg = Release|x64
		{D028D293-8DC0-4FE3-B61A-CA4A202C50EF}.Release|x64.Build.0 = Release|x64
		{D028D293-8DC0-4FE3-B61A-CA4A202C50EF}.Release|x86.ActiveCfg = Release|Win32
		{D028D293-8DC0-4FE3-B61A-CA4A202C50EF}.Release|x86.Build.0 = Release|Win32
	EndGlobalSection
	GlobalSection(SolutionProperties) = preSolution
		HideSolutionNode = FALSE
	EndGlobalSection
	GlobalSection(ExtensibilityGlobals) = postSolution
		SolutionGuid = {844C149C-D9F0-4396-B85D-94AB9687AE81}
	EndGlobalSection
EndGlobal
